
Microsoft Visual Studio Solution File, Format Version 12.00
# Visual Studio 14
VisualStudioVersion = 14.0.25420.1
MinimumVisualStudioVersion = 10.0.40219.1
Project("{8BC9CEB8-8B4A-11D0-8D11-00A0C91BC942}") = "Exp5-2-1点击菜单栏显示名字", "Exp5-2-1点击菜单栏显示名字\Exp5-2-1点击菜单栏显示名字.vcxproj", "{AC7EE5F1-4F83-4C7F-9F13-736501090343}"
EndProject
Global
	GlobalSection(SolutionConfigurationPlatforms) = preSolution
		Debug|x64 = Debug|x64
		Debug|x86 = Debug|x86
		Release|x64 = Release|x64
		Release|x86 = Release|x86
	EndGlobalSection
	GlobalSection(ProjectConfigurationPlatforms) = postSolution
		{AC7EE5F1-4F83-4C7F-9F13-736501090343}.Debug|x64.ActiveCfg = Debug|x64
		{AC7EE5F1-4F83-4C7F-9F13-736501090343}.Debug|x64.Build.0 = Debug|x64
		{AC7EE5F1-4F83-4C7F-9F13-736501090343}.Debug|x86.ActiveCfg = Debug|Win32
		{AC7EE5F1-4F83-4C7F-9F13-736501090343}.Debug|x86.Build.0 = Debug|Win32
		{AC7EE5F1-4F83-4C7F-9F13-736501090343}.Release|x64.ActiveCfg = Release|x64
		{AC7EE5F1-4F83-4C7F-9F13-736501090343}.Release|x64.Build.0 = Release|x64
		{AC7EE5F1-4F83-4C7F-9F13-736501090343}.Release|x86.ActiveCfg = Release|Win32
		{AC7EE5F1-4F83-4C7F-9F13-736501090343}.Release|x86.Build.0 = Release|Win32
	EndGlobalSection
	GlobalSection(SolutionProperties) = preSolution
		HideSolutionNode = FALSE
	EndGlobalSection
EndGlobal
